
Microsoft Visual Studio Solution File, Format Version 12.00
# Visual Studio Version 16
VisualStudioVersion = 16.0.29025.244
MinimumVisualStudioVersion = 10.0.40219.1
Project("{151D2E53-A2C4-4D7D-83FE-D05416EBD58E}") = "AzureDeploymentTemplates", "AzureDeploymentTemplates.deployproj", "{D6DF5759-0661-4A01-AAD6-9316E8F10065}"
EndProject
Global
	GlobalSection(SolutionConfigurationPlatforms) = preSolution
		Debug|Any CPU = Debug|Any CPU
		Release|Any CPU = Release|Any CPU
	EndGlobalSection
	GlobalSection(ProjectConfigurationPlatforms) = postSolution
		{D6DF5759-0661-4A01-AAD6-9316E8F10065}.Debug|Any CPU.ActiveCfg = Debug|Any CPU
		{D6DF5759-0661-4A01-AAD6-9316E8F10065}.Debug|Any CPU.Build.0 = Debug|Any CPU
		{D6DF5759-0661-4A01-AAD6-9316E8F10065}.Release|Any CPU.ActiveCfg = Release|Any CPU
		{D6DF5759-0661-4A01-AAD6-9316E8F10065}.Release|Any CPU.Build.0 = Release|Any CPU
	EndGlobalSection
	GlobalSection(SolutionProperties) = preSolution
		HideSolutionNode = FALSE
	EndGlobalSection
	GlobalSection(ExtensibilityGlobals) = postSolution
		SolutionGuid = {466D5287-6E3B-419D-A34E-72727AD73838}
	EndGlobalSection
EndGlobal
